
Microsoft Visual Studio Solution File, Format Version 12.00
# Visual Studio 14
VisualStudioVersion = 14.0.25420.1
MinimumVisualStudioVersion = 10.0.40219.1
Project("{FAE04EC0-301F-11D3-BF4B-00C04F79EFBC}") = "PSP3", "PSP3\PSP3.csproj", "{1C18C567-F7AC-4512-86FE-28E68E4FEBEF}"
EndProject
Global
	GlobalSection(SolutionConfigurationPlatforms) = preSolution
		Debug|Any CPU = Debug|Any CPU
		Release|Any CPU = Release|Any CPU
	EndGlobalSection
	GlobalSection(ProjectConfigurationPlatforms) = postSolution
		{1C18C567-F7AC-4512-86FE-28E68E4FEBEF}.Debug|Any CPU.ActiveCfg = Debug|Any CPU
		{1C18C567-F7AC-4512-86FE-28E68E4FEBEF}.Debug|Any CPU.Build.0 = Debug|Any CPU
		{1C18C567-F7AC-4512-86FE-28E68E4FEBEF}.Release|Any CPU.ActiveCfg = Release|Any CPU
		{1C18C567-F7AC-4512-86FE-28E68E4FEBEF}.Release|Any CPU.Build.0 = Release|Any CPU
	EndGlobalSection
	GlobalSection(SolutionProperties) = preSolution
		HideSolutionNode = FALSE
	EndGlobalSection
EndGlobal
